
Microsoft Visual Studio Solution File, Format Version 12.00
# Visual Studio Version 16
VisualStudioVersion = 16.0.31005.135
MinimumVisualStudioVersion = 10.0.40219.1
Project("{FAE04EC0-301F-11D3-BF4B-00C04F79EFBC}") = "ChessClassLibrary", "ChessClassLibrary\ChessClassLibrary.csproj", "{0CC423B1-87C6-4A1A-846C-CDDC1167DEB0}"
EndProject
Project("{FAE04EC0-301F-11D3-BF4B-00C04F79EFBC}") = "ChessClassLibraryTests", "ChessClassLibraryTests\ChessClassLibraryTests.csproj", "{8BD8DFE3-DF5A-4161-B0AC-651785DF1DC8}"
EndProject
Global
	GlobalSection(SolutionConfigurationPlatforms) = preSolution
		Debug|Any CPU = Debug|Any CPU
		Release|Any CPU = Release|Any CPU
	EndGlobalSection
	GlobalSection(ProjectConfigurationPlatforms) = postSolution
		{0CC423B1-87C6-4A1A-846C-CDDC1167DEB0}.Debug|Any CPU.ActiveCfg = Debug|Any CPU
		{0CC423B1-87C6-4A1A-846C-CDDC1167DEB0}.Debug|Any CPU.Build.0 = Debug|Any CPU
		{0CC423B1-87C6-4A1A-846C-CDDC1167DEB0}.Release|Any CPU.ActiveCfg = Release|Any CPU
		{0CC423B1-87C6-4A1A-846C-CDDC1167DEB0}.Release|Any CPU.Build.0 = Release|Any CPU
		{8BD8DFE3-DF5A-4161-B0AC-651785DF1DC8}.Debug|Any CPU.ActiveCfg = Debug|Any CPU
		{8BD8DFE3-DF5A-4161-B0AC-651785DF1DC8}.Debug|Any CPU.Build.0 = Debug|Any CPU
		{8BD8DFE3-DF5A-4161-B0AC-651785DF1DC8}.Release|Any CPU.ActiveCfg = Release|Any CPU
		{8BD8DFE3-DF5A-4161-B0AC-651785DF1DC8}.Release|Any CPU.Build.0 = Release|Any CPU
	EndGlobalSection
	GlobalSection(SolutionProperties) = preSolution
		HideSolutionNode = FALSE
	EndGlobalSection
	GlobalSection(ExtensibilityGlobals) = postSolution
		SolutionGuid = {B98233D0-BEE5-448E-BF88-D42F344EFAB9}
	EndGlobalSection
EndGlobal
