
Microsoft Visual Studio Solution File, Format Version 12.00
# Visual Studio Version 17
VisualStudioVersion = 17.0.32112.339
MinimumVisualStudioVersion = 10.0.40219.1
Project("{9A19103F-16F7-4668-BE54-9A1E7A4F7556}") = "ChessClassLibraryTests", "ChessClassLibraryTests\ChessClassLibraryTests.csproj", "{8BD8DFE3-DF5A-4161-B0AC-651785DF1DC8}"
EndProject
Project("{FAE04EC0-301F-11D3-BF4B-00C04F79EFBC}") = "ChessClassLib", "ChessClassLib\ChessClassLib.csproj", "{5AF7A3E3-F375-4449-A35B-73F00F24655D}"
EndProject
Global
	GlobalSection(SolutionConfigurationPlatforms) = preSolution
		Debug|Any CPU = Debug|Any CPU
		Release|Any CPU = Release|Any CPU
	EndGlobalSection
	GlobalSection(ProjectConfigurationPlatforms) = postSolution
		{8BD8DFE3-DF5A-4161-B0AC-651785DF1DC8}.Debug|Any CPU.ActiveCfg = Debug|Any CPU
		{8BD8DFE3-DF5A-4161-B0AC-651785DF1DC8}.Debug|Any CPU.Build.0 = Debug|Any CPU
		{8BD8DFE3-DF5A-4161-B0AC-651785DF1DC8}.Release|Any CPU.ActiveCfg = Release|Any CPU
		{8BD8DFE3-DF5A-4161-B0AC-651785DF1DC8}.Release|Any CPU.Build.0 = Release|Any CPU
		{5AF7A3E3-F375-4449-A35B-73F00F24655D}.Debug|Any CPU.ActiveCfg = Debug|Any CPU
		{5AF7A3E3-F375-4449-A35B-73F00F24655D}.Debug|Any CPU.Build.0 = Debug|Any CPU
		{5AF7A3E3-F375-4449-A35B-73F00F24655D}.Release|Any CPU.ActiveCfg = Release|Any CPU
		{5AF7A3E3-F375-4449-A35B-73F00F24655D}.Release|Any CPU.Build.0 = Release|Any CPU
	EndGlobalSection
	GlobalSection(SolutionProperties) = preSolution
		HideSolutionNode = FALSE
	EndGlobalSection
	GlobalSection(ExtensibilityGlobals) = postSolution
		SolutionGuid = {B98233D0-BEE5-448E-BF88-D42F344EFAB9}
	EndGlobalSection
EndGlobal
